<?xml version="1.0" encoding="utf-8"?>
<Project ToolsVersion="4.0" xmlns="http://schemas.microsoft.com/developer/msbuild/2003">
  <ItemGroup>
    <ClCompile Include="logger.cpp">
      <Filter>Исходные файлы</Filter>
    </ClCompile>
    <ClCompile Include="main.cpp">
      <Filter>Исходные файлы</Filter>
    </ClCompile>
    <ClCompile Include="fem\two_dim\two_dim_domain.cpp">
      <Filter>Исходные файлы\fem\two_dim</Filter>
    </ClCompile>
    <ClCompile Include="fem\two_dim\two_dim_quads_linear_grid.cpp">
      <Filter>Исходные файлы\fem\two_dim</Filter>
    </ClCompile>
    <ClCompile Include="three_steppers\Resourses\IterSolvers.cpp">
      <Filter>Исходные файлы\three_steppers\Resourses</Filter>
    </ClCompile>
    <ClCompile Include="three_steppers\Resourses\LU.cpp">
      <Filter>Исходные файлы\three_steppers\Resourses</Filter>
    </ClCompile>
    <ClCompile Include="three_steppers\Resourses\SparseMatrix.cpp">
      <Filter>Исходные файлы\three_steppers\Resourses</Filter>
    </ClCompile>
    <ClCompile Include="fem\two_dim\two_dim_quads_linear_solver.cpp">
      <Filter>Исходные файлы\fem\two_dim</Filter>
    </ClCompile>
    <ClCompile Include="fem\three_dim\three_dim_domain.cpp">
      <Filter>Исходные файлы\fem\three_dim</Filter>
    </ClCompile>
    <ClCompile Include="fem\three_dim\three_dim_cuboid_linear_grid.cpp">
      <Filter>Исходные файлы\fem\three_dim</Filter>
    </ClCompile>
    <ClCompile Include="fem\three_dim\three_dim_cuboid_linear_solver.cpp">
      <Filter>Исходные файлы\fem\three_dim</Filter>
    </ClCompile>
  </ItemGroup>
  <ItemGroup>
    <ClInclude Include="logger.h">
      <Filter>Файлы заголовков</Filter>
    </ClInclude>
    <ClInclude Include="timer.h">
      <Filter>Файлы заголовков</Filter>
    </ClInclude>
    <ClInclude Include="fem\includes\fem.h">
      <Filter>Файлы заголовков\fem\includes</Filter>
    </ClInclude>
    <ClInclude Include="fem\two_dim\two_dim_domain.h">
      <Filter>Файлы заголовков\fem\two_dim</Filter>
    </ClInclude>
    <ClInclude Include="fem\two_dim\two_dim_point.h">
      <Filter>Файлы заголовков\fem\two_dim</Filter>
    </ClInclude>
    <ClInclude Include="fem\two_dim\two_dim_quads_linear_grid.h">
      <Filter>Файлы заголовков\fem\two_dim</Filter>
    </ClInclude>
    <ClInclude Include="fem\two_dim\two_dim_quads_linear_mesh.h">
      <Filter>Файлы заголовков\fem\two_dim</Filter>
    </ClInclude>
    <ClInclude Include="gaussian_quadrature\gaussian_quadrature.h">
      <Filter>Файлы заголовков\gaussian_quadrature</Filter>
    </ClInclude>
    <ClInclude Include="three_steppers\Headers\IterSolvers.h">
      <Filter>Файлы заголовков\three_steppers\Headers</Filter>
    </ClInclude>
    <ClInclude Include="three_steppers\Headers\LU.h">
      <Filter>Файлы заголовков\three_steppers\Headers</Filter>
    </ClInclude>
    <ClInclude Include="three_steppers\Headers\SparseMatrix.h">
      <Filter>Файлы заголовков\three_steppers\Headers</Filter>
    </ClInclude>
    <ClInclude Include="fem\two_dim\two_dim_quads_linear_solver.h">
      <Filter>Файлы заголовков\fem\two_dim</Filter>
    </ClInclude>
    <ClInclude Include="fem\three_dim\three_dim_point.h">
      <Filter>Файлы заголовков\fem\three_dim</Filter>
    </ClInclude>
    <ClInclude Include="fem\three_dim\three_dim_domain.h">
      <Filter>Файлы заголовков\fem\three_dim</Filter>
    </ClInclude>
    <ClInclude Include="fem\three_dim\three_dim_cuboid_linear_mesh.h">
      <Filter>Файлы заголовков\fem\three_dim</Filter>
    </ClInclude>
    <ClInclude Include="fem\three_dim\three_dim_cuboid_linear_grid.h">
      <Filter>Файлы заголовков\fem\three_dim</Filter>
    </ClInclude>
    <ClInclude Include="fem\three_dim\three_dim_cuboid_linear_solver.h">
      <Filter>Файлы заголовков\fem\three_dim</Filter>
    </ClInclude>
  </ItemGroup>
  <ItemGroup>
    <Filter Include="Исходные файлы">
      <UniqueIdentifier>{9a3952c1-0e07-44b5-833a-b1afdfc785a9}</UniqueIdentifier>
    </Filter>
    <Filter Include="Файлы заголовков">
      <UniqueIdentifier>{e0fffe50-cc93-4f14-b069-2ae3a1137042}</UniqueIdentifier>
    </Filter>
    <Filter Include="Файлы заголовков\fem">
      <UniqueIdentifier>{64077394-c80f-401e-b969-bbd430fd6d75}</UniqueIdentifier>
    </Filter>
    <Filter Include="Файлы ресурсов">
      <UniqueIdentifier>{89e94268-a0f9-4c94-b93d-debebca13ef5}</UniqueIdentifier>
    </Filter>
    <Filter Include="Файлы заголовков\fem\includes">
      <UniqueIdentifier>{ffad12fc-f18a-4a87-a9da-ba2f8252332d}</UniqueIdentifier>
    </Filter>
    <Filter Include="Файлы заголовков\fem\two_dim">
      <UniqueIdentifier>{17d79163-a319-4c7e-afa5-3e51ea92d84b}</UniqueIdentifier>
    </Filter>
    <Filter Include="Исходные файлы\fem">
      <UniqueIdentifier>{14e9e860-c9ca-45f2-91cb-cc704a2da57b}</UniqueIdentifier>
    </Filter>
    <Filter Include="Исходные файлы\fem\two_dim">
      <UniqueIdentifier>{18b8ae1a-448a-4e9b-b2b7-d2ce110e825a}</UniqueIdentifier>
    </Filter>
    <Filter Include="Файлы ресурсов\examples">
      <UniqueIdentifier>{79ce3d78-ff2d-4b45-917a-50a8285b7ce4}</UniqueIdentifier>
    </Filter>
    <Filter Include="Файлы ресурсов\io">
      <UniqueIdentifier>{0f6ce97b-08f2-40d8-9f9c-d7c3a41de478}</UniqueIdentifier>
    </Filter>
    <Filter Include="Файлы заголовков\gaussian_quadrature">
      <UniqueIdentifier>{c5f5d665-0711-4425-902c-10e5fe6447c8}</UniqueIdentifier>
    </Filter>
    <Filter Include="Файлы заголовков\three_steppers">
      <UniqueIdentifier>{13eb686e-4606-4867-a359-34998d15c7a3}</UniqueIdentifier>
    </Filter>
    <Filter Include="Файлы заголовков\three_steppers\Headers">
      <UniqueIdentifier>{89488e07-5182-4b68-923d-83a0eae3a4ba}</UniqueIdentifier>
    </Filter>
    <Filter Include="Исходные файлы\three_steppers">
      <UniqueIdentifier>{dc0e6801-9cdc-4e47-94cf-183ec0cd2059}</UniqueIdentifier>
    </Filter>
    <Filter Include="Исходные файлы\three_steppers\Resourses">
      <UniqueIdentifier>{96957fbc-6160-4f4c-b685-a159989aef0c}</UniqueIdentifier>
    </Filter>
    <Filter Include="Файлы заголовков\fem\three_dim">
      <UniqueIdentifier>{071a4cda-7e5b-45cc-833e-b59a880c9492}</UniqueIdentifier>
    </Filter>
    <Filter Include="Исходные файлы\fem\three_dim">
      <UniqueIdentifier>{da5dfcad-bca4-4e77-a984-36735a892f96}</UniqueIdentifier>
    </Filter>
  </ItemGroup>
  <ItemGroup>
    <Text Include="examples\область с 1 пз Иры.txt">
      <Filter>Файлы ресурсов\examples</Filter>
    </Text>
    <Text Include="examples\область с моей защиты 1 пз.txt">
      <Filter>Файлы ресурсов\examples</Filter>
    </Text>
    <Text Include="io\grid.txt">
      <Filter>Файлы ресурсов\io</Filter>
    </Text>
    <Text Include="io\domain.txt">
      <Filter>Файлы ресурсов\io</Filter>
    </Text>
    <Text Include="io\solution.txt">
      <Filter>Файлы ресурсов\io</Filter>
    </Text>
  </ItemGroup>
</Project>